// !$*UTF8*$!
{
	archiveVersion = 1;
	classes = {
	};
	objectVersion = 50;
	objects = {

/* Begin PBXBuildFile section */
		3F80A9882302026400A7B5D0 /* AppDelegate.swift in Sources */ = {isa = PBXBuildFile; fileRef = 3F80A9872302026400A7B5D0 /* AppDelegate.swift */; };
		3F80A98A2302026400A7B5D0 /* ViewController.swift in Sources */ = {isa = PBXBuildFile; fileRef = 3F80A9892302026400A7B5D0 /* ViewController.swift */; };
		3F80A98D2302026400A7B5D0 /* Main.storyboard in Resources */ = {isa = PBXBuildFile; fileRef = 3F80A98B2302026400A7B5D0 /* Main.storyboard */; };
		3F80A98F2302026500A7B5D0 /* Assets.xcassets in Resources */ = {isa = PBXBuildFile; fileRef = 3F80A98E2302026500A7B5D0 /* Assets.xcassets */; };
		3F80A9922302026500A7B5D0 /* LaunchScreen.storyboard in Resources */ = {isa = PBXBuildFile; fileRef = 3F80A9902302026500A7B5D0 /* LaunchScreen.storyboard */; };
		3F80A99D2302026600A7B5D0 /* SwiftCoordinatorExampleTests.swift in Sources */ = {isa = PBXBuildFile; fileRef = 3F80A99C2302026600A7B5D0 /* SwiftCoordinatorExampleTests.swift */; };
		5EF9907623023929006B2E7F /* TabBarCoordinator.swift in Sources */ = {isa = PBXBuildFile; fileRef = 5EF9907523023929006B2E7F /* TabBarCoordinator.swift */; };
		5EF990782302398E006B2E7F /* BaseCoordinator.swift in Sources */ = {isa = PBXBuildFile; fileRef = 5EF990772302398E006B2E7F /* BaseCoordinator.swift */; };
		5EF9907A230239AA006B2E7F /* Coordinator.swift in Sources */ = {isa = PBXBuildFile; fileRef = 5EF99079230239AA006B2E7F /* Coordinator.swift */; };
		5EF9907E23023C56006B2E7F /* ListCoordinator.swift in Sources */ = {isa = PBXBuildFile; fileRef = 5EF9907D23023C56006B2E7F /* ListCoordinator.swift */; };
		5EF990802302404A006B2E7F /* ProfileCoordinator.swift in Sources */ = {isa = PBXBuildFile; fileRef = 5EF9907F2302404A006B2E7F /* ProfileCoordinator.swift */; };
/* End PBXBuildFile section */

/* Begin PBXContainerItemProxy section */
		3F80A9992302026600A7B5D0 /* PBXContainerItemProxy */ = {
			isa = PBXContainerItemProxy;
			containerPortal = 3F80A97C2302026400A7B5D0 /* Project object */;
			proxyType = 1;
			remoteGlobalIDString = 3F80A9832302026400A7B5D0;
			remoteInfo = SwiftCoordinatorExample;
		};
/* End PBXContainerItemProxy section */

/* Begin PBXFileReference section */
		3F80A9842302026400A7B5D0 /* SwiftCoordinatorExample.app */ = {isa = PBXFileReference; explicitFileType = wrapper.application; includeInIndex = 0; path = SwiftCoordinatorExample.app; sourceTree = BUILT_PRODUCTS_DIR; };
		3F80A9872302026400A7B5D0 /* AppDelegate.swift */ = {isa = PBXFileReference; lastKnownFileType = sourcecode.swift; path = AppDelegate.swift; sourceTree = "<group>"; };
		3F80A9892302026400A7B5D0 /* ViewController.swift */ = {isa = PBXFileReference; lastKnownFileType = sourcecode.swift; path = ViewController.swift; sourceTree = "<group>"; };
		3F80A98C2302026400A7B5D0 /* Base */ = {isa = PBXFileReference; lastKnownFileType = file.storyboard; name = Base; path = Base.lproj/Main.storyboard; sourceTree = "<group>"; };
		3F80A98E2302026500A7B5D0 /* Assets.xcassets */ = {isa = PBXFileReference; lastKnownFileType = folder.assetcatalog; path = Assets.xcassets; sourceTree = "<group>"; };
		3F80A9912302026500A7B5D0 /* Base */ = {isa = PBXFileReference; lastKnownFileType = file.storyboard; name = Base; path = Base.lproj/LaunchScreen.storyboard; sourceTree = "<group>"; };
		3F80A9932302026500A7B5D0 /* Info.plist */ = {isa = PBXFileReference; lastKnownFileType = text.plist.xml; path = Info.plist; sourceTree = "<group>"; };
		3F80A9982302026600A7B5D0 /* SwiftCoordinatorExampleTests.xctest */ = {isa = PBXFileReference; explicitFileType = wrapper.cfbundle; includeInIndex = 0; path = SwiftCoordinatorExampleTests.xctest; sourceTree = BUILT_PRODUCTS_DIR; };
		3F80A99C2302026600A7B5D0 /* SwiftCoordinatorExampleTests.swift */ = {isa = PBXFileReference; lastKnownFileType = sourcecode.swift; path = SwiftCoordinatorExampleTests.swift; sourceTree = "<group>"; };
		3F80A99E2302026600A7B5D0 /* Info.plist */ = {isa = PBXFileReference; lastKnownFileType = text.plist.xml; path = Info.plist; sourceTree = "<group>"; };
		5EF9907523023929006B2E7F /* TabBarCoordinator.swift */ = {isa = PBXFileReference; lastKnownFileType = sourcecode.swift; path = TabBarCoordinator.swift; sourceTree = "<group>"; };
		5EF990772302398E006B2E7F /* BaseCoordinator.swift */ = {isa = PBXFileReference; lastKnownFileType = sourcecode.swift; path = BaseCoordinator.swift; sourceTree = "<group>"; };
		5EF99079230239AA006B2E7F /* Coordinator.swift */ = {isa = PBXFileReference; lastKnownFileType = sourcecode.swift; path = Coordinator.swift; sourceTree = "<group>"; };
		5EF9907D23023C56006B2E7F /* ListCoordinator.swift */ = {isa = PBXFileReference; lastKnownFileType = sourcecode.swift; path = ListCoordinator.swift; sourceTree = "<group>"; };
		5EF9907F2302404A006B2E7F /* ProfileCoordinator.swift */ = {isa = PBXFileReference; lastKnownFileType = sourcecode.swift; path = ProfileCoordinator.swift; sourceTree = "<group>"; };
/* End PBXFileReference section */

/* Begin PBXFrameworksBuildPhase section */
		3F80A9812302026400A7B5D0 /* Frameworks */ = {
			isa = PBXFrameworksBuildPhase;
			buildActionMask = 2147483647;
			files = (
			);
			runOnlyForDeploymentPostprocessing = 0;
		};
		3F80A9952302026600A7B5D0 /* Frameworks */ = {
			isa = PBXFrameworksBuildPhase;
			buildActionMask = 2147483647;
			files = (
			);
			runOnlyForDeploymentPostprocessing = 0;
		};
/* End PBXFrameworksBuildPhase section */

/* Begin PBXGroup section */
		3F80A97B2302026400A7B5D0 = {
			isa = PBXGroup;
			children = (
				3F80A9862302026400A7B5D0 /* SwiftCoordinatorExample */,
				3F80A99B2302026600A7B5D0 /* SwiftCoordinatorExampleTests */,
				3F80A9852302026400A7B5D0 /* Products */,
			);
			sourceTree = "<group>";
		};
		3F80A9852302026400A7B5D0 /* Products */ = {
			isa = PBXGroup;
			children = (
				3F80A9842302026400A7B5D0 /* SwiftCoordinatorExample.app */,
				3F80A9982302026600A7B5D0 /* SwiftCoordinatorExampleTests.xctest */,
			);
			name = Products;
			sourceTree = "<group>";
		};
		3F80A9862302026400A7B5D0 /* SwiftCoordinatorExample */ = {
			isa = PBXGroup;
			children = (
				3F80A9892302026400A7B5D0 /* ViewController.swift */,
				3F80A98B2302026400A7B5D0 /* Main.storyboard */,
				5EF99072230238B2006B2E7F /* Coordinator */,
				5EF99073230238BD006B2E7F /* Scenes */,
				5EF990712302383B006B2E7F /* SupportingFiles */,
			);
			path = SwiftCoordinatorExample;
			sourceTree = "<group>";
		};
		3F80A99B2302026600A7B5D0 /* SwiftCoordinatorExampleTests */ = {
			isa = PBXGroup;
			children = (
				3F80A99C2302026600A7B5D0 /* SwiftCoordinatorExampleTests.swift */,
				3F80A99E2302026600A7B5D0 /* Info.plist */,
			);
			path = SwiftCoordinatorExampleTests;
			sourceTree = "<group>";
		};
		5EF990712302383B006B2E7F /* SupportingFiles */ = {
			isa = PBXGroup;
			children = (
				3F80A9872302026400A7B5D0 /* AppDelegate.swift */,
				3F80A9932302026500A7B5D0 /* Info.plist */,
				3F80A9902302026500A7B5D0 /* LaunchScreen.storyboard */,
				3F80A98E2302026500A7B5D0 /* Assets.xcassets */,
			);
			path = SupportingFiles;
			sourceTree = "<group>";
		};
		5EF99072230238B2006B2E7F /* Coordinator */ = {
			isa = PBXGroup;
			children = (
				5EF99079230239AA006B2E7F /* Coordinator.swift */,
				5EF990772302398E006B2E7F /* BaseCoordinator.swift */,
			);
			path = Coordinator;
			sourceTree = "<group>";
		};
		5EF99073230238BD006B2E7F /* Scenes */ = {
			isa = PBXGroup;
			children = (
				5EF9907B23023C0B006B2E7F /* List */,
				5EF9907C23023C27006B2E7F /* Profile */,
				5EF9907423023905006B2E7F /* TabBar */,
			);
			path = Scenes;
			sourceTree = "<group>";
		};
		5EF9907423023905006B2E7F /* TabBar */ = {
			isa = PBXGroup;
			children = (
				5EF9907523023929006B2E7F /* TabBarCoordinator.swift */,
			);
			path = TabBar;
			sourceTree = "<group>";
		};
		5EF9907B23023C0B006B2E7F /* List */ = {
			isa = PBXGroup;
			children = (
				5EF9907D23023C56006B2E7F /* ListCoordinator.swift */,
			);
			path = List;
			sourceTree = "<group>";
		};
		5EF9907C23023C27006B2E7F /* Profile */ = {
			isa = PBXGroup;
			children = (
				5EF9907F2302404A006B2E7F /* ProfileCoordinator.swift */,
			);
			path = Profile;
			sourceTree = "<group>";
		};
/* End PBXGroup section */

/* Begin PBXNativeTarget section */
		3F80A9832302026400A7B5D0 /* SwiftCoordinatorExample */ = {
			isa = PBXNativeTarget;
			buildConfigurationList = 3F80A9A12302026600A7B5D0 /* Build configuration list for PBXNativeTarget "SwiftCoordinatorExample" */;
			buildPhases = (
				3F80A9802302026400A7B5D0 /* Sources */,
				3F80A9812302026400A7B5D0 /* Frameworks */,
				3F80A9822302026400A7B5D0 /* Resources */,
			);
			buildRules = (
			);
			dependencies = (
			);
			name = SwiftCoordinatorExample;
			productName = SwiftCoordinatorExample;
			productReference = 3F80A9842302026400A7B5D0 /* SwiftCoordinatorExample.app */;
			productType = "com.apple.product-type.application";
		};
		3F80A9972302026600A7B5D0 /* SwiftCoordinatorExampleTests */ = {
			isa = PBXNativeTarget;
			buildConfigurationList = 3F80A9A42302026600A7B5D0 /* Build configuration list for PBXNativeTarget "SwiftCoordinatorExampleTests" */;
			buildPhases = (
				3F80A9942302026600A7B5D0 /* Sources */,
				3F80A9952302026600A7B5D0 /* Frameworks */,
				3F80A9962302026600A7B5D0 /* Resources */,
			);
			buildRules = (
			);
			dependencies = (
				3F80A99A2302026600A7B5D0 /* PBXTargetDependency */,
			);
			name = SwiftCoordinatorExampleTests;
			productName = SwiftCoordinatorExampleTests;
			productReference = 3F80A9982302026600A7B5D0 /* SwiftCoordinatorExampleTests.xctest */;
			productType = "com.apple.product-type.bundle.unit-test";
		};
/* End PBXNativeTarget section */

/* Begin PBXProject section */
		3F80A97C2302026400A7B5D0 /* Project object */ = {
			isa = PBXProject;
			attributes = {
				LastSwiftUpdateCheck = 1030;
				LastUpgradeCheck = 1030;
				ORGANIZATIONNAME = "George Gomes";
				TargetAttributes = {
					3F80A9832302026400A7B5D0 = {
						CreatedOnToolsVersion = 10.3;
					};
					3F80A9972302026600A7B5D0 = {
						CreatedOnToolsVersion = 10.3;
						TestTargetID = 3F80A9832302026400A7B5D0;
					};
				};
			};
			buildConfigurationList = 3F80A97F2302026400A7B5D0 /* Build configuration list for PBXProject "SwiftCoordinatorExample" */;
			compatibilityVersion = "Xcode 9.3";
			developmentRegion = en;
			hasScannedForEncodings = 0;
			knownRegions = (
				en,
				Base,
			);
			mainGroup = 3F80A97B2302026400A7B5D0;
			productRefGroup = 3F80A9852302026400A7B5D0 /* Products */;
			projectDirPath = "";
			projectRoot = "";
			targets = (
				3F80A9832302026400A7B5D0 /* SwiftCoordinatorExample */,
				3F80A9972302026600A7B5D0 /* SwiftCoordinatorExampleTests */,
			);
		};
/* End PBXProject section */

/* Begin PBXResourcesBuildPhase section */
		3F80A9822302026400A7B5D0 /* Resources */ = {
			isa = PBXResourcesBuildPhase;
			buildActionMask = 2147483647;
			files = (
				3F80A9922302026500A7B5D0 /* LaunchScreen.storyboard in Resources */,
				3F80A98F2302026500A7B5D0 /* Assets.xcassets in Resources */,
				3F80A98D2302026400A7B5D0 /* Main.storyboard in Resources */,
			);
			runOnlyForDeploymentPostprocessing = 0;
		};
		3F80A9962302026600A7B5D0 /* Resources */ = {
			isa = PBXResourcesBuildPhase;
			buildActionMask = 2147483647;
			files = (
			);
			runOnlyForDeploymentPostprocessing = 0;
		};
/* End PBXResourcesBuildPhase section */

/* Begin PBXSourcesBuildPhase section */
		3F80A9802302026400A7B5D0 /* Sources */ = {
			isa = PBXSourcesBuildPhase;
			buildActionMask = 2147483647;
			files = (
				3F80A98A2302026400A7B5D0 /* ViewController.swift in Sources */,
				5EF990802302404A006B2E7F /* ProfileCoordinator.swift in Sources */,
				3F80A9882302026400A7B5D0 /* AppDelegate.swift in Sources */,
				5EF9907E23023C56006B2E7F /* ListCoordinator.swift in Sources */,
				5EF9907A230239AA006B2E7F /* Coordinator.swift in Sources */,
				5EF9907623023929006B2E7F /* TabBarCoordinator.swift in Sources */,
				5EF990782302398E006B2E7F /* BaseCoordinator.swift in Sources */,
			);
			runOnlyForDeploymentPostprocessing = 0;
		};
		3F80A9942302026600A7B5D0 /* Sources */ = {
			isa = PBXSourcesBuildPhase;
			buildActionMask = 2147483647;
			files = (
				3F80A99D2302026600A7B5D0 /* SwiftCoordinatorExampleTests.swift in Sources */,
			);
			runOnlyForDeploymentPostprocessing = 0;
		};
/* End PBXSourcesBuildPhase section */

/* Begin PBXTargetDependency section */
		3F80A99A2302026600A7B5D0 /* PBXTargetDependency */ = {
			isa = PBXTargetDependency;
			target = 3F80A9832302026400A7B5D0 /* SwiftCoordinatorExample */;
			targetProxy = 3F80A9992302026600A7B5D0 /* PBXContainerItemProxy */;
		};
/* End PBXTargetDependency section */

/* Begin PBXVariantGroup section */
		3F80A98B2302026400A7B5D0 /* Main.storyboard */ = {
			isa = PBXVariantGroup;
			children = (
				3F80A98C2302026400A7B5D0 /* Base */,
			);
			name = Main.storyboard;
			sourceTree = "<group>";
		};
		3F80A9902302026500A7B5D0 /* LaunchScreen.storyboard */ = {
			isa = PBXVariantGroup;
			children = (
				3F80A9912302026500A7B5D0 /* Base */,
			);
			name = LaunchScreen.storyboard;
			sourceTree = "<group>";
		};
/* End PBXVariantGroup section */

/* Begin XCBuildConfiguration section */
		3F80A99F2302026600A7B5D0 /* Debug */ = {
			isa = XCBuildConfiguration;
			buildSettings = {
				ALWAYS_SEARCH_USER_PATHS = NO;
				CLANG_ANALYZER_NONNULL = YES;
				CLANG_ANALYZER_NUMBER_OBJECT_CONVERSION = YES_AGGRESSIVE;
				CLANG_CXX_LANGUAGE_STANDARD = "gnu++14";
				CLANG_CXX_LIBRARY = "libc++";
				CLANG_ENABLE_MODULES = YES;
				CLANG_ENABLE_OBJC_ARC = YES;
				CLANG_ENABLE_OBJC_WEAK = YES;
				CLANG_WARN_BLOCK_CAPTURE_AUTORELEASING = YES;
				CLANG_WARN_BOOL_CONVERSION = YES;
				CLANG_WARN_COMMA = YES;
				CLANG_WARN_CONSTANT_CONVERSION = YES;
				CLANG_WARN_DEPRECATED_OBJC_IMPLEMENTATIONS = YES;
				CLANG_WARN_DIRECT_OBJC_ISA_USAGE = YES_ERROR;
				CLANG_WARN_DOCUMENTATION_COMMENTS = YES;
				CLANG_WARN_EMPTY_BODY = YES;
				CLANG_WARN_ENUM_CONVERSION = YES;
				CLANG_WARN_INFINITE_RECURSION = YES;
				CLANG_WARN_INT_CONVERSION = YES;
				CLANG_WARN_NON_LITERAL_NULL_CONVERSION = YES;
				CLANG_WARN_OBJC_IMPLICIT_RETAIN_SELF = YES;
				CLANG_WARN_OBJC_LITERAL_CONVERSION = YES;
				CLANG_WARN_OBJC_ROOT_CLASS = YES_ERROR;
				CLANG_WARN_RANGE_LOOP_ANALYSIS = YES;
				CLANG_WARN_STRICT_PROTOTYPES = YES;
				CLANG_WARN_SUSPICIOUS_MOVE = YES;
				CLANG_WARN_UNGUARDED_AVAILABILITY = YES_AGGRESSIVE;
				CLANG_WARN_UNREACHABLE_CODE = YES;
				CLANG_WARN__DUPLICATE_METHOD_MATCH = YES;
				CODE_SIGN_IDENTITY = "iPhone Developer";
				COPY_PHASE_STRIP = NO;
				DEBUG_INFORMATION_FORMAT = dwarf;
				ENABLE_STRICT_OBJC_MSGSEND = YES;
				ENABLE_TESTABILITY = YES;
				GCC_C_LANGUAGE_STANDARD = gnu11;
				GCC_DYNAMIC_NO_PIC = NO;
				GCC_NO_COMMON_BLOCKS = YES;
				GCC_OPTIMIZATION_LEVEL = 0;
				GCC_PREPROCESSOR_DEFINITIONS = (
					"DEBUG=1",
					"$(inherited)",
				);
				GCC_WARN_64_TO_32_BIT_CONVERSION = YES;
				GCC_WARN_ABOUT_RETURN_TYPE = YES_ERROR;
				GCC_WARN_UNDECLARED_SELECTOR = YES;
				GCC_WARN_UNINITIALIZED_AUTOS = YES_AGGRESSIVE;
				GCC_WARN_UNUSED_FUNCTION = YES;
				GCC_WARN_UNUSED_VARIABLE = YES;
				IPHONEOS_DEPLOYMENT_TARGET = 12.4;
				MTL_ENABLE_DEBUG_INFO = INCLUDE_SOURCE;
				MTL_FAST_MATH = YES;
				ONLY_ACTIVE_ARCH = YES;
				SDKROOT = iphoneos;
				SWIFT_ACTIVE_COMPILATION_CONDITIONS = DEBUG;
				SWIFT_OPTIMIZATION_LEVEL = "-Onone";
			};
			name = Debug;
		};
		3F80A9A02302026600A7B5D0 /* Release */ = {
			isa = XCBuildConfiguration;
			buildSettings = {
				ALWAYS_SEARCH_USER_PATHS = NO;
				CLANG_ANALYZER_NONNULL = YES;
				CLANG_ANALYZER_NUMBER_OBJECT_CONVERSION = YES_AGGRESSIVE;
				CLANG_CXX_LANGUAGE_STANDARD = "gnu++14";
				CLANG_CXX_LIBRARY = "libc++";
				CLANG_ENABLE_MODULES = YES;
				CLANG_ENABLE_OBJC_ARC = YES;
				CLANG_ENABLE_OBJC_WEAK = YES;
				CLANG_WARN_BLOCK_CAPTURE_AUTORELEASING = YES;
				CLANG_WARN_BOOL_CONVERSION = YES;
				CLANG_WARN_COMMA = YES;
				CLANG_WARN_CONSTANT_CONVERSION = YES;
				CLANG_WARN_DEPRECATED_OBJC_IMPLEMENTATIONS = YES;
				CLANG_WARN_DIRECT_OBJC_ISA_USAGE = YES_ERROR;
				CLANG_WARN_DOCUMENTATION_COMMENTS = YES;
				CLANG_WARN_EMPTY_BODY = YES;
				CLANG_WARN_ENUM_CONVERSION = YES;
				CLANG_WARN_INFINITE_RECURSION = YES;
				CLANG_WARN_INT_CONVERSION = YES;
				CLANG_WARN_NON_LITERAL_NULL_CONVERSION = YES;
				CLANG_WARN_OBJC_IMPLICIT_RETAIN_SELF = YES;
				CLANG_WARN_OBJC_LITERAL_CONVERSION = YES;
				CLANG_WARN_OBJC_ROOT_CLASS = YES_ERROR;
				CLANG_WARN_RANGE_LOOP_ANALYSIS = YES;
				CLANG_WARN_STRICT_PROTOTYPES = YES;
				CLANG_WARN_SUSPICIOUS_MOVE = YES;
				CLANG_WARN_UNGUARDED_AVAILABILITY = YES_AGGRESSIVE;
				CLANG_WARN_UNREACHABLE_CODE = YES;
				CLANG_WARN__DUPLICATE_METHOD_MATCH = YES;
				CODE_SIGN_IDENTITY = "iPhone Developer";
				COPY_PHASE_STRIP = NO;
				DEBUG_INFORMATION_FORMAT = "dwarf-with-dsym";
				ENABLE_NS_ASSERTIONS = NO;
				ENABLE_STRICT_OBJC_MSGSEND = YES;
				GCC_C_LANGUAGE_STANDARD = gnu11;
				GCC_NO_COMMON_BLOCKS = YES;
				GCC_WARN_64_TO_32_BIT_CONVERSION = YES;
				GCC_WARN_ABOUT_RETURN_TYPE = YES_ERROR;
				GCC_WARN_UNDECLARED_SELECTOR = YES;
				GCC_WARN_UNINITIALIZED_AUTOS = YES_AGGRESSIVE;
				GCC_WARN_UNUSED_FUNCTION = YES;
				GCC_WARN_UNUSED_VARIABLE = YES;
				IPHONEOS_DEPLOYMENT_TARGET = 12.4;
				MTL_ENABLE_DEBUG_INFO = NO;
				MTL_FAST_MATH = YES;
				SDKROOT = iphoneos;
				SWIFT_COMPILATION_MODE = wholemodule;
				SWIFT_OPTIMIZATION_LEVEL = "-O";
				VALIDATE_PRODUCT = YES;
			};
			name = Release;
		};
		3F80A9A22302026600A7B5D0 /* Debug */ = {
			isa = XCBuildConfiguration;
			buildSettings = {
				ASSETCATALOG_COMPILER_APPICON_NAME = AppIcon;
				CODE_SIGN_STYLE = Automatic;
				INFOPLIST_FILE = SwiftCoordinatorExample/SupportingFiles/Info.plist;
				LD_RUNPATH_SEARCH_PATHS = (
					"$(inherited)",
					"@executable_path/Frameworks",
				);
				PRODUCT_BUNDLE_IDENTIFIER = com.george.SwiftCoordinatorExample;
				PRODUCT_NAME = "$(TARGET_NAME)";
				SWIFT_VERSION = 5.0;
				TARGETED_DEVICE_FAMILY = 1;
			};
			name = Debug;
		};
		3F80A9A32302026600A7B5D0 /* Release */ = {
			isa = XCBuildConfiguration;
			buildSettings = {
				ASSETCATALOG_COMPILER_APPICON_NAME = AppIcon;
				CODE_SIGN_STYLE = Automatic;
				INFOPLIST_FILE = SwiftCoordinatorExample/SupportingFiles/Info.plist;
				LD_RUNPATH_SEARCH_PATHS = (
					"$(inherited)",
					"@executable_path/Frameworks",
				);
				PRODUCT_BUNDLE_IDENTIFIER = com.george.SwiftCoordinatorExample;
				PRODUCT_NAME = "$(TARGET_NAME)";
				SWIFT_VERSION = 5.0;
				TARGETED_DEVICE_FAMILY = 1;
			};
			name = Release;
		};
		3F80A9A52302026600A7B5D0 /* Debug */ = {
			isa = XCBuildConfiguration;
			buildSettings = {
				ALWAYS_EMBED_SWIFT_STANDARD_LIBRARIES = YES;
				BUNDLE_LOADER = "$(TEST_HOST)";
				CODE_SIGN_STYLE = Automatic;
				INFOPLIST_FILE = SwiftCoordinatorExampleTests/Info.plist;
				LD_RUNPATH_SEARCH_PATHS = (
					"$(inherited)",
					"@executable_path/Frameworks",
					"@loader_path/Frameworks",
				);
				PRODUCT_BUNDLE_IDENTIFIER = com.george.SwiftCoordinatorExampleTests;
				PRODUCT_NAME = "$(TARGET_NAME)";
				SWIFT_VERSION = 5.0;
				TARGETED_DEVICE_FAMILY = "1,2";
				TEST_HOST = "$(BUILT_PRODUCTS_DIR)/SwiftCoordinatorExample.app/SwiftCoordinatorExample";
			};
			name = Debug;
		};
		3F80A9A62302026600A7B5D0 /* Release */ = {
			isa = XCBuildConfiguration;
			buildSettings = {
				ALWAYS_EMBED_SWIFT_STANDARD_LIBRARIES = YES;
				BUNDLE_LOADER = "$(TEST_HOST)";
				CODE_SIGN_STYLE = Automatic;
				INFOPLIST_FILE = SwiftCoordinatorExampleTests/Info.plist;
				LD_RUNPATH_SEARCH_PATHS = (
					"$(inherited)",
					"@executable_path/Frameworks",
					"@loader_path/Frameworks",
				);
				PRODUCT_BUNDLE_IDENTIFIER = com.george.SwiftCoordinatorExampleTests;
				PRODUCT_NAME = "$(TARGET_NAME)";
				SWIFT_VERSION = 5.0;
				TARGETED_DEVICE_FAMILY = "1,2";
				TEST_HOST = "$(BUILT_PRODUCTS_DIR)/SwiftCoordinatorExample.app/SwiftCoordinatorExample";
			};
			name = Release;
		};
/* End XCBuildConfiguration section */

/* Begin XCConfigurationList section */
		3F80A97F2302026400A7B5D0 /* Build configuration list for PBXProject "SwiftCoordinatorExample" */ = {
			isa = XCConfigurationList;
			buildConfigurations = (
				3F80A99F2302026600A7B5D0 /* Debug */,
				3F80A9A02302026600A7B5D0 /* Release */,
			);
			defaultConfigurationIsVisible = 0;
			defaultConfigurationName = Release;
		};
		3F80A9A12302026600A7B5D0 /* Build configuration list for PBXNativeTarget "SwiftCoordinatorExample" */ = {
			isa = XCConfigurationList;
			buildConfigurations = (
				3F80A9A22302026600A7B5D0 /* Debug */,
				3F80A9A32302026600A7B5D0 /* Release */,
			);
			defaultConfigurationIsVisible = 0;
			defaultConfigurationName = Release;
		};
		3F80A9A42302026600A7B5D0 /* Build configuration list for PBXNativeTarget "SwiftCoordinatorExampleTests" */ = {
			isa = XCConfigurationList;
			buildConfigurations = (
				3F80A9A52302026600A7B5D0 /* Debug */,
				3F80A9A62302026600A7B5D0 /* Release */,
			);
			defaultConfigurationIsVisible = 0;
			defaultConfigurationName = Release;
		};
/* End XCConfigurationList section */
	};
	rootObject = 3F80A97C2302026400A7B5D0 /* Project object */;
}
